
Microsoft Visual Studio Solution File, Format Version 12.00
# Visual Studio Version 16
VisualStudioVersion = 16.0.32228.343
MinimumVisualStudioVersion = 10.0.40219.1
Project("{FAE04EC0-301F-11D3-BF4B-00C04F79EFBC}") = "Csharp", "Csharp\Csharp.csproj", "{2C2460AA-D990-465C-9B69-AF6440E1EA96}"
EndProject
Global
	GlobalSection(SolutionConfigurationPlatforms) = preSolution
		Debug|Any CPU = Debug|Any CPU
		Release|Any CPU = Release|Any CPU
	EndGlobalSection
	GlobalSection(ProjectConfigurationPlatforms) = postSolution
		{2C2460AA-D990-465C-9B69-AF6440E1EA96}.Debug|Any CPU.ActiveCfg = Debug|Any CPU
		{2C2460AA-D990-465C-9B69-AF6440E1EA96}.Debug|Any CPU.Build.0 = Debug|Any CPU
		{2C2460AA-D990-465C-9B69-AF6440E1EA96}.Release|Any CPU.ActiveCfg = Release|Any CPU
		{2C2460AA-D990-465C-9B69-AF6440E1EA96}.Release|Any CPU.Build.0 = Release|Any CPU
	EndGlobalSection
	GlobalSection(SolutionProperties) = preSolution
		HideSolutionNode = FALSE
	EndGlobalSection
	GlobalSection(ExtensibilityGlobals) = postSolution
		SolutionGuid = {DC12A2C0-1E9A-4D54-8816-F4C3F0F14430}
	EndGlobalSection
EndGlobal
